// !$*UTF8*$!
{
	archiveVersion = 1;
	classes = {
	};
	objectVersion = 52;
	objects = {

/* Begin PBXBuildFile section */
		4028017824D44D19008230DF /* GamePublisher.swift in Sources */ = {isa = PBXBuildFile; fileRef = 4028017724D44D19008230DF /* GamePublisher.swift */; };
		4028017A24D44F06008230DF /* GameGenre.swift in Sources */ = {isa = PBXBuildFile; fileRef = 4028017924D44F06008230DF /* GameGenre.swift */; };
		4028017C24D45959008230DF /* GameTag.swift in Sources */ = {isa = PBXBuildFile; fileRef = 4028017B24D45959008230DF /* GameTag.swift */; };
		406617E124D0275D00E1EB90 /* AddByStatus.swift in Sources */ = {isa = PBXBuildFile; fileRef = 406617E024D0275D00E1EB90 /* AddByStatus.swift */; };
		406617E324D041E900E1EB90 /* GameDetail.swift in Sources */ = {isa = PBXBuildFile; fileRef = 406617E224D041E900E1EB90 /* GameDetail.swift */; };
		406617EB24D08F1C00E1EB90 /* GameDetailViewModel.swift in Sources */ = {isa = PBXBuildFile; fileRef = 406617EA24D08F1C00E1EB90 /* GameDetailViewModel.swift */; };
		40BA737C24CEC16E002F55E3 /* Game.swift in Sources */ = {isa = PBXBuildFile; fileRef = 40BA737B24CEC16E002F55E3 /* Game.swift */; };
		40BA737E24CEC18F002F55E3 /* GameList.swift in Sources */ = {isa = PBXBuildFile; fileRef = 40BA737D24CEC18F002F55E3 /* GameList.swift */; };
		40BA738024CEC1B7002F55E3 /* APIService.swift in Sources */ = {isa = PBXBuildFile; fileRef = 40BA737F24CEC1B7002F55E3 /* APIService.swift */; };
		40BA738224CEC233002F55E3 /* ServiceProtocol.swift in Sources */ = {isa = PBXBuildFile; fileRef = 40BA738124CEC233002F55E3 /* ServiceProtocol.swift */; };
		40BA738524CEC2A6002F55E3 /* GameListViewModel.swift in Sources */ = {isa = PBXBuildFile; fileRef = 40BA738424CEC2A6002F55E3 /* GameListViewModel.swift */; };
		40BA738824CEC346002F55E3 /* LoadingIndicator.swift in Sources */ = {isa = PBXBuildFile; fileRef = 40BA738724CEC346002F55E3 /* LoadingIndicator.swift */; };
		40BA738A24CEC52D002F55E3 /* GameRow.swift in Sources */ = {isa = PBXBuildFile; fileRef = 40BA738924CEC52D002F55E3 /* GameRow.swift */; };
		40BA738C24CEC69B002F55E3 /* GameDetailView.swift in Sources */ = {isa = PBXBuildFile; fileRef = 40BA738B24CEC69B002F55E3 /* GameDetailView.swift */; };
		40BA738F24CEC800002F55E3 /* Extension.swift in Sources */ = {isa = PBXBuildFile; fileRef = 40BA738E24CEC800002F55E3 /* Extension.swift */; };
		40FA3DBF24C72D9E00A4798A /* URLImage in Frameworks */ = {isa = PBXBuildFile; productRef = 40FA3DBE24C72D9E00A4798A /* URLImage */; };
		40FCD9A624BDFB710051BAD4 /* AppDelegate.swift in Sources */ = {isa = PBXBuildFile; fileRef = 40FCD9A524BDFB710051BAD4 /* AppDelegate.swift */; };
		40FCD9A824BDFB710051BAD4 /* SceneDelegate.swift in Sources */ = {isa = PBXBuildFile; fileRef = 40FCD9A724BDFB710051BAD4 /* SceneDelegate.swift */; };
		40FCD9AA24BDFB710051BAD4 /* ContentView.swift in Sources */ = {isa = PBXBuildFile; fileRef = 40FCD9A924BDFB710051BAD4 /* ContentView.swift */; };
		40FCD9AC24BDFB770051BAD4 /* Assets.xcassets in Resources */ = {isa = PBXBuildFile; fileRef = 40FCD9AB24BDFB770051BAD4 /* Assets.xcassets */; };
		40FCD9AF24BDFB770051BAD4 /* Preview Assets.xcassets in Resources */ = {isa = PBXBuildFile; fileRef = 40FCD9AE24BDFB770051BAD4 /* Preview Assets.xcassets */; };
		40FCD9B224BDFB770051BAD4 /* LaunchScreen.storyboard in Resources */ = {isa = PBXBuildFile; fileRef = 40FCD9B024BDFB770051BAD4 /* LaunchScreen.storyboard */; };
		40FCD9BE24BDFC3C0051BAD4 /* ProfileView.swift in Sources */ = {isa = PBXBuildFile; fileRef = 40FCD9BD24BDFC3C0051BAD4 /* ProfileView.swift */; };
/* End PBXBuildFile section */

/* Begin PBXFileReference section */
		4028017724D44D19008230DF /* GamePublisher.swift */ = {isa = PBXFileReference; lastKnownFileType = sourcecode.swift; path = GamePublisher.swift; sourceTree = "<group>"; };
		4028017924D44F06008230DF /* GameGenre.swift */ = {isa = PBXFileReference; lastKnownFileType = sourcecode.swift; path = GameGenre.swift; sourceTree = "<group>"; };
		4028017B24D45959008230DF /* GameTag.swift */ = {isa = PBXFileReference; lastKnownFileType = sourcecode.swift; path = GameTag.swift; sourceTree = "<group>"; };
		406617E024D0275D00E1EB90 /* AddByStatus.swift */ = {isa = PBXFileReference; lastKnownFileType = sourcecode.swift; path = AddByStatus.swift; sourceTree = "<group>"; };
		406617E224D041E900E1EB90 /* GameDetail.swift */ = {isa = PBXFileReference; lastKnownFileType = sourcecode.swift; path = GameDetail.swift; sourceTree = "<group>"; };
		406617EA24D08F1C00E1EB90 /* GameDetailViewModel.swift */ = {isa = PBXFileReference; lastKnownFileType = sourcecode.swift; path = GameDetailViewModel.swift; sourceTree = "<group>"; };
		40BA737B24CEC16E002F55E3 /* Game.swift */ = {isa = PBXFileReference; lastKnownFileType = sourcecode.swift; path = Game.swift; sourceTree = "<group>"; };
		40BA737D24CEC18F002F55E3 /* GameList.swift */ = {isa = PBXFileReference; lastKnownFileType = sourcecode.swift; path = GameList.swift; sourceTree = "<group>"; };
		40BA737F24CEC1B7002F55E3 /* APIService.swift */ = {isa = PBXFileReference; lastKnownFileType = sourcecode.swift; path = APIService.swift; sourceTree = "<group>"; };
		40BA738124CEC233002F55E3 /* ServiceProtocol.swift */ = {isa = PBXFileReference; lastKnownFileType = sourcecode.swift; path = ServiceProtocol.swift; sourceTree = "<group>"; };
		40BA738424CEC2A6002F55E3 /* GameListViewModel.swift */ = {isa = PBXFileReference; lastKnownFileType = sourcecode.swift; path = GameListViewModel.swift; sourceTree = "<group>"; };
		40BA738724CEC346002F55E3 /* LoadingIndicator.swift */ = {isa = PBXFileReference; lastKnownFileType = sourcecode.swift; path = LoadingIndicator.swift; sourceTree = "<group>"; };
		40BA738924CEC52D002F55E3 /* GameRow.swift */ = {isa = PBXFileReference; lastKnownFileType = sourcecode.swift; path = GameRow.swift; sourceTree = "<group>"; };
		40BA738B24CEC69B002F55E3 /* GameDetailView.swift */ = {isa = PBXFileReference; lastKnownFileType = sourcecode.swift; path = GameDetailView.swift; sourceTree = "<group>"; };
		40BA738E24CEC800002F55E3 /* Extension.swift */ = {isa = PBXFileReference; lastKnownFileType = sourcecode.swift; path = Extension.swift; sourceTree = "<group>"; };
		40FCD9A224BDFB710051BAD4 /* GameCatalogue.app */ = {isa = PBXFileReference; explicitFileType = wrapper.application; includeInIndex = 0; path = GameCatalogue.app; sourceTree = BUILT_PRODUCTS_DIR; };
		40FCD9A524BDFB710051BAD4 /* AppDelegate.swift */ = {isa = PBXFileReference; lastKnownFileType = sourcecode.swift; path = AppDelegate.swift; sourceTree = "<group>"; };
		40FCD9A724BDFB710051BAD4 /* SceneDelegate.swift */ = {isa = PBXFileReference; lastKnownFileType = sourcecode.swift; path = SceneDelegate.swift; sourceTree = "<group>"; };
		40FCD9A924BDFB710051BAD4 /* ContentView.swift */ = {isa = PBXFileReference; lastKnownFileType = sourcecode.swift; path = ContentView.swift; sourceTree = "<group>"; };
		40FCD9AB24BDFB770051BAD4 /* Assets.xcassets */ = {isa = PBXFileReference; lastKnownFileType = folder.assetcatalog; path = Assets.xcassets; sourceTree = "<group>"; };
		40FCD9AE24BDFB770051BAD4 /* Preview Assets.xcassets */ = {isa = PBXFileReference; lastKnownFileType = folder.assetcatalog; path = "Preview Assets.xcassets"; sourceTree = "<group>"; };
		40FCD9B124BDFB770051BAD4 /* Base */ = {isa = PBXFileReference; lastKnownFileType = file.storyboard; name = Base; path = Base.lproj/LaunchScreen.storyboard; sourceTree = "<group>"; };
		40FCD9B324BDFB770051BAD4 /* Info.plist */ = {isa = PBXFileReference; lastKnownFileType = text.plist.xml; path = Info.plist; sourceTree = "<group>"; };
		40FCD9BD24BDFC3C0051BAD4 /* ProfileView.swift */ = {isa = PBXFileReference; lastKnownFileType = sourcecode.swift; path = ProfileView.swift; sourceTree = "<group>"; };
/* End PBXFileReference section */

/* Begin PBXFrameworksBuildPhase section */
		40FCD99F24BDFB710051BAD4 /* Frameworks */ = {
			isa = PBXFrameworksBuildPhase;
			buildActionMask = 2147483647;
			files = (
				40FA3DBF24C72D9E00A4798A /* URLImage in Frameworks */,
			);
			runOnlyForDeploymentPostprocessing = 0;
		};
/* End PBXFrameworksBuildPhase section */

/* Begin PBXGroup section */
		40BA738324CEC292002F55E3 /* ViewModel */ = {
			isa = PBXGroup;
			children = (
				406617EA24D08F1C00E1EB90 /* GameDetailViewModel.swift */,
				40BA738424CEC2A6002F55E3 /* GameListViewModel.swift */,
			);
			path = ViewModel;
			sourceTree = "<group>";
		};
		40BA738624CEC331002F55E3 /* LoadingIndicator */ = {
			isa = PBXGroup;
			children = (
				40BA738724CEC346002F55E3 /* LoadingIndicator.swift */,
			);
			path = LoadingIndicator;
			sourceTree = "<group>";
		};
		40BA738D24CEC7F1002F55E3 /* Util */ = {
			isa = PBXGroup;
			children = (
				40BA738E24CEC800002F55E3 /* Extension.swift */,
			);
			path = Util;
			sourceTree = "<group>";
		};
		40FA3DB624C72CB500A4798A /* Network */ = {
			isa = PBXGroup;
			children = (
				40BA738124CEC233002F55E3 /* ServiceProtocol.swift */,
				40BA737F24CEC1B7002F55E3 /* APIService.swift */,
			);
			path = Network;
			sourceTree = "<group>";
		};
		40FCD99924BDFB710051BAD4 = {
			isa = PBXGroup;
			children = (
				40FCD9A424BDFB710051BAD4 /* GameCatalogue */,
				40FCD9A324BDFB710051BAD4 /* Products */,
			);
			sourceTree = "<group>";
		};
		40FCD9A324BDFB710051BAD4 /* Products */ = {
			isa = PBXGroup;
			children = (
				40FCD9A224BDFB710051BAD4 /* GameCatalogue.app */,
			);
			name = Products;
			sourceTree = "<group>";
		};
		40FCD9A424BDFB710051BAD4 /* GameCatalogue */ = {
			isa = PBXGroup;
			children = (
				40BA738D24CEC7F1002F55E3 /* Util */,
				40BA738324CEC292002F55E3 /* ViewModel */,
				40FA3DB624C72CB500A4798A /* Network */,
				40FCD9BA24BDFC160051BAD4 /* Model */,
				40FCD9B924BDFC0C0051BAD4 /* View */,
				40FCD9A524BDFB710051BAD4 /* AppDelegate.swift */,
				40FCD9A724BDFB710051BAD4 /* SceneDelegate.swift */,
				40FCD9AB24BDFB770051BAD4 /* Assets.xcassets */,
				40FCD9B024BDFB770051BAD4 /* LaunchScreen.storyboard */,
				40FCD9B324BDFB770051BAD4 /* Info.plist */,
				40FCD9AD24BDFB770051BAD4 /* Preview Content */,
			);
			path = GameCatalogue;
			sourceTree = "<group>";
		};
		40FCD9AD24BDFB770051BAD4 /* Preview Content */ = {
			isa = PBXGroup;
			children = (
				40FCD9AE24BDFB770051BAD4 /* Preview Assets.xcassets */,
			);
			path = "Preview Content";
			sourceTree = "<group>";
		};
		40FCD9B924BDFC0C0051BAD4 /* View */ = {
			isa = PBXGroup;
			children = (
				40FCD9A924BDFB710051BAD4 /* ContentView.swift */,
				40BA738624CEC331002F55E3 /* LoadingIndicator */,
				40FCD9BC24BDFC240051BAD4 /* GameList */,
				40FCD9BB24BDFC1E0051BAD4 /* About */,
			);
			path = View;
			sourceTree = "<group>";
		};
		40FCD9BA24BDFC160051BAD4 /* Model */ = {
			isa = PBXGroup;
			children = (
				40BA737B24CEC16E002F55E3 /* Game.swift */,
				40BA737D24CEC18F002F55E3 /* GameList.swift */,
				406617E024D0275D00E1EB90 /* AddByStatus.swift */,
				406617E224D041E900E1EB90 /* GameDetail.swift */,
				4028017724D44D19008230DF /* GamePublisher.swift */,
				4028017924D44F06008230DF /* GameGenre.swift */,
				4028017B24D45959008230DF /* GameTag.swift */,
			);
			path = Model;
			sourceTree = "<group>";
		};
		40FCD9BB24BDFC1E0051BAD4 /* About */ = {
			isa = PBXGroup;
			children = (
				40FCD9BD24BDFC3C0051BAD4 /* ProfileView.swift */,
			);
			path = About;
			sourceTree = "<group>";
		};
		40FCD9BC24BDFC240051BAD4 /* GameList */ = {
			isa = PBXGroup;
			children = (
				40BA738B24CEC69B002F55E3 /* GameDetailView.swift */,
				40BA738924CEC52D002F55E3 /* GameRow.swift */,
			);
			path = GameList;
			sourceTree = "<group>";
		};
/* End PBXGroup section */

/* Begin PBXNativeTarget section */
		40FCD9A124BDFB710051BAD4 /* GameCatalogue */ = {
			isa = PBXNativeTarget;
			buildConfigurationList = 40FCD9B624BDFB770051BAD4 /* Build configuration list for PBXNativeTarget "GameCatalogue" */;
			buildPhases = (
				40FCD99E24BDFB710051BAD4 /* Sources */,
				40FCD99F24BDFB710051BAD4 /* Frameworks */,
				40FCD9A024BDFB710051BAD4 /* Resources */,
			);
			buildRules = (
			);
			dependencies = (
			);
			name = GameCatalogue;
			packageProductDependencies = (
				40FA3DBE24C72D9E00A4798A /* URLImage */,
			);
			productName = GameCatalogue;
			productReference = 40FCD9A224BDFB710051BAD4 /* GameCatalogue.app */;
			productType = "com.apple.product-type.application";
		};
/* End PBXNativeTarget section */

/* Begin PBXProject section */
		40FCD99A24BDFB710051BAD4 /* Project object */ = {
			isa = PBXProject;
			attributes = {
				LastSwiftUpdateCheck = 1130;
				LastUpgradeCheck = 1130;
				ORGANIZATIONNAME = "Putra Utama";
				TargetAttributes = {
					40FCD9A124BDFB710051BAD4 = {
						CreatedOnToolsVersion = 11.3.1;
					};
				};
			};
			buildConfigurationList = 40FCD99D24BDFB710051BAD4 /* Build configuration list for PBXProject "GameCatalogue" */;
			compatibilityVersion = "Xcode 9.3";
			developmentRegion = en;
			hasScannedForEncodings = 0;
			knownRegions = (
				en,
				Base,
			);
			mainGroup = 40FCD99924BDFB710051BAD4;
			packageReferences = (
				40FA3DBD24C72D9E00A4798A /* XCRemoteSwiftPackageReference "url-image" */,
			);
			productRefGroup = 40FCD9A324BDFB710051BAD4 /* Products */;
			projectDirPath = "";
			projectRoot = "";
			targets = (
				40FCD9A124BDFB710051BAD4 /* GameCatalogue */,
			);
		};
/* End PBXProject section */

/* Begin PBXResourcesBuildPhase section */
		40FCD9A024BDFB710051BAD4 /* Resources */ = {
			isa = PBXResourcesBuildPhase;
			buildActionMask = 2147483647;
			files = (
				40FCD9B224BDFB770051BAD4 /* LaunchScreen.storyboard in Resources */,
				40FCD9AF24BDFB770051BAD4 /* Preview Assets.xcassets in Resources */,
				40FCD9AC24BDFB770051BAD4 /* Assets.xcassets in Resources */,
			);
			runOnlyForDeploymentPostprocessing = 0;
		};
/* End PBXResourcesBuildPhase section */

/* Begin PBXSourcesBuildPhase section */
		40FCD99E24BDFB710051BAD4 /* Sources */ = {
			isa = PBXSourcesBuildPhase;
			buildActionMask = 2147483647;
			files = (
				4028017824D44D19008230DF /* GamePublisher.swift in Sources */,
				40BA738A24CEC52D002F55E3 /* GameRow.swift in Sources */,
				40BA738524CEC2A6002F55E3 /* GameListViewModel.swift in Sources */,
				4028017A24D44F06008230DF /* GameGenre.swift in Sources */,
				4028017C24D45959008230DF /* GameTag.swift in Sources */,
				40FCD9BE24BDFC3C0051BAD4 /* ProfileView.swift in Sources */,
				40BA738C24CEC69B002F55E3 /* GameDetailView.swift in Sources */,
				406617E324D041E900E1EB90 /* GameDetail.swift in Sources */,
				40BA737C24CEC16E002F55E3 /* Game.swift in Sources */,
				40BA738824CEC346002F55E3 /* LoadingIndicator.swift in Sources */,
				40FCD9A624BDFB710051BAD4 /* AppDelegate.swift in Sources */,
				40FCD9A824BDFB710051BAD4 /* SceneDelegate.swift in Sources */,
				406617E124D0275D00E1EB90 /* AddByStatus.swift in Sources */,
				40BA738024CEC1B7002F55E3 /* APIService.swift in Sources */,
				40BA738F24CEC800002F55E3 /* Extension.swift in Sources */,
				40BA737E24CEC18F002F55E3 /* GameList.swift in Sources */,
				406617EB24D08F1C00E1EB90 /* GameDetailViewModel.swift in Sources */,
				40FCD9AA24BDFB710051BAD4 /* ContentView.swift in Sources */,
				40BA738224CEC233002F55E3 /* ServiceProtocol.swift in Sources */,
			);
			runOnlyForDeploymentPostprocessing = 0;
		};
/* End PBXSourcesBuildPhase section */

/* Begin PBXVariantGroup section */
		40FCD9B024BDFB770051BAD4 /* LaunchScreen.storyboard */ = {
			isa = PBXVariantGroup;
			children = (
				40FCD9B124BDFB770051BAD4 /* Base */,
			);
			name = LaunchScreen.storyboard;
			sourceTree = "<group>";
		};
/* End PBXVariantGroup section */

/* Begin XCBuildConfiguration section */
		40FCD9B424BDFB770051BAD4 /* Debug */ = {
			isa = XCBuildConfiguration;
			buildSettings = {
				ALWAYS_SEARCH_USER_PATHS = NO;
				CLANG_ANALYZER_NONNULL = YES;
				CLANG_ANALYZER_NUMBER_OBJECT_CONVERSION = YES_AGGRESSIVE;
				CLANG_CXX_LANGUAGE_STANDARD = "gnu++14";
				CLANG_CXX_LIBRARY = "libc++";
				CLANG_ENABLE_MODULES = YES;
				CLANG_ENABLE_OBJC_ARC = YES;
				CLANG_ENABLE_OBJC_WEAK = YES;
				CLANG_WARN_BLOCK_CAPTURE_AUTORELEASING = YES;
				CLANG_WARN_BOOL_CONVERSION = YES;
				CLANG_WARN_COMMA = YES;
				CLANG_WARN_CONSTANT_CONVERSION = YES;
				CLANG_WARN_DEPRECATED_OBJC_IMPLEMENTATIONS = YES;
				CLANG_WARN_DIRECT_OBJC_ISA_USAGE = YES_ERROR;
				CLANG_WARN_DOCUMENTATION_COMMENTS = YES;
				CLANG_WARN_EMPTY_BODY = YES;
				CLANG_WARN_ENUM_CONVERSION = YES;
				CLANG_WARN_INFINITE_RECURSION = YES;
				CLANG_WARN_INT_CONVERSION = YES;
				CLANG_WARN_NON_LITERAL_NULL_CONVERSION = YES;
				CLANG_WARN_OBJC_IMPLICIT_RETAIN_SELF = YES;
				CLANG_WARN_OBJC_LITERAL_CONVERSION = YES;
				CLANG_WARN_OBJC_ROOT_CLASS = YES_ERROR;
				CLANG_WARN_RANGE_LOOP_ANALYSIS = YES;
				CLANG_WARN_STRICT_PROTOTYPES = YES;
				CLANG_WARN_SUSPICIOUS_MOVE = YES;
				CLANG_WARN_UNGUARDED_AVAILABILITY = YES_AGGRESSIVE;
				CLANG_WARN_UNREACHABLE_CODE = YES;
				CLANG_WARN__DUPLICATE_METHOD_MATCH = YES;
				COPY_PHASE_STRIP = NO;
				DEBUG_INFORMATION_FORMAT = dwarf;
				ENABLE_STRICT_OBJC_MSGSEND = YES;
				ENABLE_TESTABILITY = YES;
				GCC_C_LANGUAGE_STANDARD = gnu11;
				GCC_DYNAMIC_NO_PIC = NO;
				GCC_NO_COMMON_BLOCKS = YES;
				GCC_OPTIMIZATION_LEVEL = 0;
				GCC_PREPROCESSOR_DEFINITIONS = (
					"DEBUG=1",
					"$(inherited)",
				);
				GCC_WARN_64_TO_32_BIT_CONVERSION = YES;
				GCC_WARN_ABOUT_RETURN_TYPE = YES_ERROR;
				GCC_WARN_UNDECLARED_SELECTOR = YES;
				GCC_WARN_UNINITIALIZED_AUTOS = YES_AGGRESSIVE;
				GCC_WARN_UNUSED_FUNCTION = YES;
				GCC_WARN_UNUSED_VARIABLE = YES;
				IPHONEOS_DEPLOYMENT_TARGET = 13.2;
				MTL_ENABLE_DEBUG_INFO = INCLUDE_SOURCE;
				MTL_FAST_MATH = YES;
				ONLY_ACTIVE_ARCH = YES;
				SDKROOT = iphoneos;
				SWIFT_ACTIVE_COMPILATION_CONDITIONS = DEBUG;
				SWIFT_OPTIMIZATION_LEVEL = "-Onone";
			};
			name = Debug;
		};
		40FCD9B524BDFB770051BAD4 /* Release */ = {
			isa = XCBuildConfiguration;
			buildSettings = {
				ALWAYS_SEARCH_USER_PATHS = NO;
				CLANG_ANALYZER_NONNULL = YES;
				CLANG_ANALYZER_NUMBER_OBJECT_CONVERSION = YES_AGGRESSIVE;
				CLANG_CXX_LANGUAGE_STANDARD = "gnu++14";
				CLANG_CXX_LIBRARY = "libc++";
				CLANG_ENABLE_MODULES = YES;
				CLANG_ENABLE_OBJC_ARC = YES;
				CLANG_ENABLE_OBJC_WEAK = YES;
				CLANG_WARN_BLOCK_CAPTURE_AUTORELEASING = YES;
				CLANG_WARN_BOOL_CONVERSION = YES;
				CLANG_WARN_COMMA = YES;
				CLANG_WARN_CONSTANT_CONVERSION = YES;
				CLANG_WARN_DEPRECATED_OBJC_IMPLEMENTATIONS = YES;
				CLANG_WARN_DIRECT_OBJC_ISA_USAGE = YES_ERROR;
				CLANG_WARN_DOCUMENTATION_COMMENTS = YES;
				CLANG_WARN_EMPTY_BODY = YES;
				CLANG_WARN_ENUM_CONVERSION = YES;
				CLANG_WARN_INFINITE_RECURSION = YES;
				CLANG_WARN_INT_CONVERSION = YES;
				CLANG_WARN_NON_LITERAL_NULL_CONVERSION = YES;
				CLANG_WARN_OBJC_IMPLICIT_RETAIN_SELF = YES;
				CLANG_WARN_OBJC_LITERAL_CONVERSION = YES;
				CLANG_WARN_OBJC_ROOT_CLASS = YES_ERROR;
				CLANG_WARN_RANGE_LOOP_ANALYSIS = YES;
				CLANG_WARN_STRICT_PROTOTYPES = YES;
				CLANG_WARN_SUSPICIOUS_MOVE = YES;
				CLANG_WARN_UNGUARDED_AVAILABILITY = YES_AGGRESSIVE;
				CLANG_WARN_UNREACHABLE_CODE = YES;
				CLANG_WARN__DUPLICATE_METHOD_MATCH = YES;
				COPY_PHASE_STRIP = NO;
				DEBUG_INFORMATION_FORMAT = "dwarf-with-dsym";
				ENABLE_NS_ASSERTIONS = NO;
				ENABLE_STRICT_OBJC_MSGSEND = YES;
				GCC_C_LANGUAGE_STANDARD = gnu11;
				GCC_NO_COMMON_BLOCKS = YES;
				GCC_WARN_64_TO_32_BIT_CONVERSION = YES;
				GCC_WARN_ABOUT_RETURN_TYPE = YES_ERROR;
				GCC_WARN_UNDECLARED_SELECTOR = YES;
				GCC_WARN_UNINITIALIZED_AUTOS = YES_AGGRESSIVE;
				GCC_WARN_UNUSED_FUNCTION = YES;
				GCC_WARN_UNUSED_VARIABLE = YES;
				IPHONEOS_DEPLOYMENT_TARGET = 13.2;
				MTL_ENABLE_DEBUG_INFO = NO;
				MTL_FAST_MATH = YES;
				SDKROOT = iphoneos;
				SWIFT_COMPILATION_MODE = wholemodule;
				SWIFT_OPTIMIZATION_LEVEL = "-O";
				VALIDATE_PRODUCT = YES;
			};
			name = Release;
		};
		40FCD9B724BDFB770051BAD4 /* Debug */ = {
			isa = XCBuildConfiguration;
			buildSettings = {
				ASSETCATALOG_COMPILER_APPICON_NAME = AppIcon;
				CODE_SIGN_STYLE = Automatic;
				DEVELOPMENT_ASSET_PATHS = "\"GameCatalogue/Preview Content\"";
				DEVELOPMENT_TEAM = WP82UCQX26;
				ENABLE_PREVIEWS = YES;
				INFOPLIST_FILE = GameCatalogue/Info.plist;
				LD_RUNPATH_SEARCH_PATHS = (
					"$(inherited)",
					"@executable_path/Frameworks",
				);
				PRODUCT_BUNDLE_IDENTIFIER = com.putrautama.practice.GameCatalogue;
				PRODUCT_NAME = "$(TARGET_NAME)";
				SWIFT_VERSION = 5.0;
				TARGETED_DEVICE_FAMILY = "1,2";
			};
			name = Debug;
		};
		40FCD9B824BDFB770051BAD4 /* Release */ = {
			isa = XCBuildConfiguration;
			buildSettings = {
				ASSETCATALOG_COMPILER_APPICON_NAME = AppIcon;
				CODE_SIGN_STYLE = Automatic;
				DEVELOPMENT_ASSET_PATHS = "\"GameCatalogue/Preview Content\"";
				DEVELOPMENT_TEAM = WP82UCQX26;
				ENABLE_PREVIEWS = YES;
				INFOPLIST_FILE = GameCatalogue/Info.plist;
				LD_RUNPATH_SEARCH_PATHS = (
					"$(inherited)",
					"@executable_path/Frameworks",
				);
				PRODUCT_BUNDLE_IDENTIFIER = com.putrautama.practice.GameCatalogue;
				PRODUCT_NAME = "$(TARGET_NAME)";
				SWIFT_VERSION = 5.0;
				TARGETED_DEVICE_FAMILY = "1,2";
			};
			name = Release;
		};
/* End XCBuildConfiguration section */

/* Begin XCConfigurationList section */
		40FCD99D24BDFB710051BAD4 /* Build configuration list for PBXProject "GameCatalogue" */ = {
			isa = XCConfigurationList;
			buildConfigurations = (
				40FCD9B424BDFB770051BAD4 /* Debug */,
				40FCD9B524BDFB770051BAD4 /* Release */,
			);
			defaultConfigurationIsVisible = 0;
			defaultConfigurationName = Release;
		};
		40FCD9B624BDFB770051BAD4 /* Build configuration list for PBXNativeTarget "GameCatalogue" */ = {
			isa = XCConfigurationList;
			buildConfigurations = (
				40FCD9B724BDFB770051BAD4 /* Debug */,
				40FCD9B824BDFB770051BAD4 /* Release */,
			);
			defaultConfigurationIsVisible = 0;
			defaultConfigurationName = Release;
		};
/* End XCConfigurationList section */

/* Begin XCRemoteSwiftPackageReference section */
		40FA3DBD24C72D9E00A4798A /* XCRemoteSwiftPackageReference "url-image" */ = {
			isa = XCRemoteSwiftPackageReference;
			repositoryURL = "https://github.com/dmytro-anokhin/url-image.git";
			requirement = {
				kind = upToNextMajorVersion;
				minimumVersion = 0.9.19;
			};
		};
/* End XCRemoteSwiftPackageReference section */

/* Begin XCSwiftPackageProductDependency section */
		40FA3DBE24C72D9E00A4798A /* URLImage */ = {
			isa = XCSwiftPackageProductDependency;
			package = 40FA3DBD24C72D9E00A4798A /* XCRemoteSwiftPackageReference "url-image" */;
			productName = URLImage;
		};
/* End XCSwiftPackageProductDependency section */
	};
	rootObject = 40FCD99A24BDFB710051BAD4 /* Project object */;
}
